
Microsoft Visual Studio Solution File, Format Version 12.00
# Visual Studio 15
VisualStudioVersion = 15.0.27130.2027
MinimumVisualStudioVersion = 10.0.40219.1
Project("{9A19103F-16F7-4668-BE54-9A1E7A4F7556}") = "Maddalena", "Maddalena\Maddalena.csproj", "{81BEEDFC-6299-48DC-8ABD-7B9706D49045}"
EndProject
Project("{9A19103F-16F7-4668-BE54-9A1E7A4F7556}") = "JsCore", "JsCore\JsCore\JsCore.csproj", "{191E0B59-B935-4838-9F96-347970C10703}"
EndProject
Project("{9A19103F-16F7-4668-BE54-9A1E7A4F7556}") = "Maddalena.Client", "Maddalena.Client\Maddalena.Client.csproj", "{D8DF4990-1C06-4B9F-AD20-D220BCEC4118}"
EndProject
Project("{9A19103F-16F7-4668-BE54-9A1E7A4F7556}") = "Maddalena.Datastorage", "Maddalena.Datastore\Maddalena.Datastorage.csproj", "{A6928FAB-B97F-4ED7-AB8D-1EAA7F9B5120}"
EndProject
Project("{9A19103F-16F7-4668-BE54-9A1E7A4F7556}") = "Maddalena.Grains", "Maddalena.Grains\Maddalena.Grains.csproj", "{EBBA8F8D-62A6-4BC8-B63F-90762A40158F}"
EndProject
Project("{9A19103F-16F7-4668-BE54-9A1E7A4F7556}") = "SiloHost", "SiloHost\SiloHost.csproj", "{B115FD6E-B3B3-4C64-A262-18C50119CE0C}"
EndProject
Global
	GlobalSection(SolutionConfigurationPlatforms) = preSolution
		Debug|Any CPU = Debug|Any CPU
		Release|Any CPU = Release|Any CPU
	EndGlobalSection
	GlobalSection(ProjectConfigurationPlatforms) = postSolution
		{81BEEDFC-6299-48DC-8ABD-7B9706D49045}.Debug|Any CPU.ActiveCfg = Debug|Any CPU
		{81BEEDFC-6299-48DC-8ABD-7B9706D49045}.Debug|Any CPU.Build.0 = Debug|Any CPU
		{81BEEDFC-6299-48DC-8ABD-7B9706D49045}.Release|Any CPU.ActiveCfg = Release|Any CPU
		{81BEEDFC-6299-48DC-8ABD-7B9706D49045}.Release|Any CPU.Build.0 = Release|Any CPU
		{191E0B59-B935-4838-9F96-347970C10703}.Debug|Any CPU.ActiveCfg = Debug|Any CPU
		{191E0B59-B935-4838-9F96-347970C10703}.Debug|Any CPU.Build.0 = Debug|Any CPU
		{191E0B59-B935-4838-9F96-347970C10703}.Release|Any CPU.ActiveCfg = Release|Any CPU
		{191E0B59-B935-4838-9F96-347970C10703}.Release|Any CPU.Build.0 = Release|Any CPU
		{D8DF4990-1C06-4B9F-AD20-D220BCEC4118}.Debug|Any CPU.ActiveCfg = Debug|Any CPU
		{D8DF4990-1C06-4B9F-AD20-D220BCEC4118}.Debug|Any CPU.Build.0 = Debug|Any CPU
		{D8DF4990-1C06-4B9F-AD20-D220BCEC4118}.Release|Any CPU.ActiveCfg = Release|Any CPU
		{D8DF4990-1C06-4B9F-AD20-D220BCEC4118}.Release|Any CPU.Build.0 = Release|Any CPU
		{A6928FAB-B97F-4ED7-AB8D-1EAA7F9B5120}.Debug|Any CPU.ActiveCfg = Debug|Any CPU
		{A6928FAB-B97F-4ED7-AB8D-1EAA7F9B5120}.Debug|Any CPU.Build.0 = Debug|Any CPU
		{A6928FAB-B97F-4ED7-AB8D-1EAA7F9B5120}.Release|Any CPU.ActiveCfg = Release|Any CPU
		{A6928FAB-B97F-4ED7-AB8D-1EAA7F9B5120}.Release|Any CPU.Build.0 = Release|Any CPU
		{EBBA8F8D-62A6-4BC8-B63F-90762A40158F}.Debug|Any CPU.ActiveCfg = Debug|Any CPU
		{EBBA8F8D-62A6-4BC8-B63F-90762A40158F}.Debug|Any CPU.Build.0 = Debug|Any CPU
		{EBBA8F8D-62A6-4BC8-B63F-90762A40158F}.Release|Any CPU.ActiveCfg = Release|Any CPU
		{EBBA8F8D-62A6-4BC8-B63F-90762A40158F}.Release|Any CPU.Build.0 = Release|Any CPU
		{B115FD6E-B3B3-4C64-A262-18C50119CE0C}.Debug|Any CPU.ActiveCfg = Debug|Any CPU
		{B115FD6E-B3B3-4C64-A262-18C50119CE0C}.Debug|Any CPU.Build.0 = Debug|Any CPU
		{B115FD6E-B3B3-4C64-A262-18C50119CE0C}.Release|Any CPU.ActiveCfg = Release|Any CPU
		{B115FD6E-B3B3-4C64-A262-18C50119CE0C}.Release|Any CPU.Build.0 = Release|Any CPU
	EndGlobalSection
	GlobalSection(SolutionProperties) = preSolution
		HideSolutionNode = FALSE
	EndGlobalSection
	GlobalSection(ExtensibilityGlobals) = postSolution
		SolutionGuid = {8C4D289C-5EBE-412D-975D-C7BA457A8E80}
	EndGlobalSection
EndGlobal
