
Microsoft Visual Studio Solution File, Format Version 12.00
# Visual Studio 15
VisualStudioVersion = 15.0.28010.2003
MinimumVisualStudioVersion = 10.0.40219.1
Project("{9A19103F-16F7-4668-BE54-9A1E7A4F7556}") = "Maddalena.ML", "Maddalena.ML\Maddalena.ML.csproj", "{7EE4ACB9-C33F-4F91-8DE7-A24930630AA2}"
EndProject
Project("{FAE04EC0-301F-11D3-BF4B-00C04F79EFBC}") = "ConsoleApp1", "ConsoleApp1\ConsoleApp1.csproj", "{FC6ABB1B-3C6B-485F-A7C0-931D086BD166}"
EndProject
Global
	GlobalSection(SolutionConfigurationPlatforms) = preSolution
		Debug|Any CPU = Debug|Any CPU
		Release|Any CPU = Release|Any CPU
	EndGlobalSection
	GlobalSection(ProjectConfigurationPlatforms) = postSolution
		{7EE4ACB9-C33F-4F91-8DE7-A24930630AA2}.Debug|Any CPU.ActiveCfg = Debug|Any CPU
		{7EE4ACB9-C33F-4F91-8DE7-A24930630AA2}.Debug|Any CPU.Build.0 = Debug|Any CPU
		{7EE4ACB9-C33F-4F91-8DE7-A24930630AA2}.Release|Any CPU.ActiveCfg = Release|Any CPU
		{7EE4ACB9-C33F-4F91-8DE7-A24930630AA2}.Release|Any CPU.Build.0 = Release|Any CPU
		{FC6ABB1B-3C6B-485F-A7C0-931D086BD166}.Debug|Any CPU.ActiveCfg = Debug|Any CPU
		{FC6ABB1B-3C6B-485F-A7C0-931D086BD166}.Debug|Any CPU.Build.0 = Debug|Any CPU
		{FC6ABB1B-3C6B-485F-A7C0-931D086BD166}.Release|Any CPU.ActiveCfg = Release|Any CPU
		{FC6ABB1B-3C6B-485F-A7C0-931D086BD166}.Release|Any CPU.Build.0 = Release|Any CPU
	EndGlobalSection
	GlobalSection(SolutionProperties) = preSolution
		HideSolutionNode = FALSE
	EndGlobalSection
	GlobalSection(ExtensibilityGlobals) = postSolution
		SolutionGuid = {1A7B4AC4-40D9-4A29-A411-65D9C5F38098}
	EndGlobalSection
EndGlobal
